
Microsoft Visual Studio Solution File, Format Version 12.00
# Visual Studio 15
VisualStudioVersion = 15.0.28010.2016
MinimumVisualStudioVersion = 10.0.40219.1
Project("{FAE04EC0-301F-11D3-BF4B-00C04F79EFBC}") = "Form", "Form\Form.csproj", "{0FD2BDA5-4FD1-4904-AB83-CF919F3CD9CF}"
EndProject
Project("{E24C65DC-7377-472B-9ABA-BC803B73C61A}") = "Website", "Website\", "{4BFC5116-A29D-4883-BE68-814F9AE3FF06}"
	ProjectSection(WebsiteProperties) = preProject
		TargetFrameworkMoniker = ".NETFramework,Version%3Dv4.6.1"
		Debug.AspNetCompiler.VirtualPath = "/localhost_52342"
		Debug.AspNetCompiler.PhysicalPath = "Website\"
		Debug.AspNetCompiler.TargetPath = "PrecompiledWeb\localhost_52342\"
		Debug.AspNetCompiler.Updateable = "true"
		Debug.AspNetCompiler.ForceOverwrite = "true"
		Debug.AspNetCompiler.FixedNames = "false"
		Debug.AspNetCompiler.Debug = "True"
		Release.AspNetCompiler.VirtualPath = "/localhost_52342"
		Release.AspNetCompiler.PhysicalPath = "Website\"
		Release.AspNetCompiler.TargetPath = "PrecompiledWeb\localhost_52342\"
		Release.AspNetCompiler.Updateable = "true"
		Release.AspNetCompiler.ForceOverwrite = "true"
		Release.AspNetCompiler.FixedNames = "false"
		Release.AspNetCompiler.Debug = "False"
		VWDPort = "52342"
		SlnRelativePath = "Website\"
		DefaultWebSiteLanguage = "Visual C#"
	EndProjectSection
EndProject
Global
	GlobalSection(SolutionConfigurationPlatforms) = preSolution
		Ad-Hoc|Any CPU = Ad-Hoc|Any CPU
		Ad-Hoc|iPhone = Ad-Hoc|iPhone
		Ad-Hoc|iPhoneSimulator = Ad-Hoc|iPhoneSimulator
		AppStore|Any CPU = AppStore|Any CPU
		AppStore|iPhone = AppStore|iPhone
		AppStore|iPhoneSimulator = AppStore|iPhoneSimulator
		Debug|Any CPU = Debug|Any CPU
		Debug|iPhone = Debug|iPhone
		Debug|iPhoneSimulator = Debug|iPhoneSimulator
		Release|Any CPU = Release|Any CPU
		Release|iPhone = Release|iPhone
		Release|iPhoneSimulator = Release|iPhoneSimulator
	EndGlobalSection
	GlobalSection(ProjectConfigurationPlatforms) = postSolution
		{0FD2BDA5-4FD1-4904-AB83-CF919F3CD9CF}.Ad-Hoc|Any CPU.ActiveCfg = Release|Any CPU
		{0FD2BDA5-4FD1-4904-AB83-CF919F3CD9CF}.Ad-Hoc|Any CPU.Build.0 = Release|Any CPU
		{0FD2BDA5-4FD1-4904-AB83-CF919F3CD9CF}.Ad-Hoc|iPhone.ActiveCfg = Release|Any CPU
		{0FD2BDA5-4FD1-4904-AB83-CF919F3CD9CF}.Ad-Hoc|iPhone.Build.0 = Release|Any CPU
		{0FD2BDA5-4FD1-4904-AB83-CF919F3CD9CF}.Ad-Hoc|iPhoneSimulator.ActiveCfg = Release|Any CPU
		{0FD2BDA5-4FD1-4904-AB83-CF919F3CD9CF}.Ad-Hoc|iPhoneSimulator.Build.0 = Release|Any CPU
		{0FD2BDA5-4FD1-4904-AB83-CF919F3CD9CF}.AppStore|Any CPU.ActiveCfg = Release|Any CPU
		{0FD2BDA5-4FD1-4904-AB83-CF919F3CD9CF}.AppStore|Any CPU.Build.0 = Release|Any CPU
		{0FD2BDA5-4FD1-4904-AB83-CF919F3CD9CF}.AppStore|iPhone.ActiveCfg = Release|Any CPU
		{0FD2BDA5-4FD1-4904-AB83-CF919F3CD9CF}.AppStore|iPhone.Build.0 = Release|Any CPU
		{0FD2BDA5-4FD1-4904-AB83-CF919F3CD9CF}.AppStore|iPhoneSimulator.ActiveCfg = Release|Any CPU
		{0FD2BDA5-4FD1-4904-AB83-CF919F3CD9CF}.AppStore|iPhoneSimulator.Build.0 = Release|Any CPU
		{0FD2BDA5-4FD1-4904-AB83-CF919F3CD9CF}.Debug|Any CPU.ActiveCfg = Debug|Any CPU
		{0FD2BDA5-4FD1-4904-AB83-CF919F3CD9CF}.Debug|Any CPU.Build.0 = Debug|Any CPU
		{0FD2BDA5-4FD1-4904-AB83-CF919F3CD9CF}.Debug|iPhone.ActiveCfg = Debug|Any CPU
		{0FD2BDA5-4FD1-4904-AB83-CF919F3CD9CF}.Debug|iPhone.Build.0 = Debug|Any CPU
		{0FD2BDA5-4FD1-4904-AB83-CF919F3CD9CF}.Debug|iPhoneSimulator.ActiveCfg = Debug|Any CPU
		{0FD2BDA5-4FD1-4904-AB83-CF919F3CD9CF}.Debug|iPhoneSimulator.Build.0 = Debug|Any CPU
		{0FD2BDA5-4FD1-4904-AB83-CF919F3CD9CF}.Release|Any CPU.ActiveCfg = Release|Any CPU
		{0FD2BDA5-4FD1-4904-AB83-CF919F3CD9CF}.Release|Any CPU.Build.0 = Release|Any CPU
		{0FD2BDA5-4FD1-4904-AB83-CF919F3CD9CF}.Release|iPhone.ActiveCfg = Release|Any CPU
		{0FD2BDA5-4FD1-4904-AB83-CF919F3CD9CF}.Release|iPhone.Build.0 = Release|Any CPU
		{0FD2BDA5-4FD1-4904-AB83-CF919F3CD9CF}.Release|iPhoneSimulator.ActiveCfg = Release|Any CPU
		{0FD2BDA5-4FD1-4904-AB83-CF919F3CD9CF}.Release|iPhoneSimulator.Build.0 = Release|Any CPU
		{4BFC5116-A29D-4883-BE68-814F9AE3FF06}.Ad-Hoc|Any CPU.ActiveCfg = Debug|Any CPU
		{4BFC5116-A29D-4883-BE68-814F9AE3FF06}.Ad-Hoc|Any CPU.Build.0 = Debug|Any CPU
		{4BFC5116-A29D-4883-BE68-814F9AE3FF06}.Ad-Hoc|iPhone.ActiveCfg = Debug|Any CPU
		{4BFC5116-A29D-4883-BE68-814F9AE3FF06}.Ad-Hoc|iPhone.Build.0 = Debug|Any CPU
		{4BFC5116-A29D-4883-BE68-814F9AE3FF06}.Ad-Hoc|iPhoneSimulator.ActiveCfg = Debug|Any CPU
		{4BFC5116-A29D-4883-BE68-814F9AE3FF06}.Ad-Hoc|iPhoneSimulator.Build.0 = Debug|Any CPU
		{4BFC5116-A29D-4883-BE68-814F9AE3FF06}.AppStore|Any CPU.ActiveCfg = Debug|Any CPU
		{4BFC5116-A29D-4883-BE68-814F9AE3FF06}.AppStore|Any CPU.Build.0 = Debug|Any CPU
		{4BFC5116-A29D-4883-BE68-814F9AE3FF06}.AppStore|iPhone.ActiveCfg = Debug|Any CPU
		{4BFC5116-A29D-4883-BE68-814F9AE3FF06}.AppStore|iPhone.Build.0 = Debug|Any CPU
		{4BFC5116-A29D-4883-BE68-814F9AE3FF06}.AppStore|iPhoneSimulator.ActiveCfg = Debug|Any CPU
		{4BFC5116-A29D-4883-BE68-814F9AE3FF06}.AppStore|iPhoneSimulator.Build.0 = Debug|Any CPU
		{4BFC5116-A29D-4883-BE68-814F9AE3FF06}.Debug|Any CPU.ActiveCfg = Debug|Any CPU
		{4BFC5116-A29D-4883-BE68-814F9AE3FF06}.Debug|Any CPU.Build.0 = Debug|Any CPU
		{4BFC5116-A29D-4883-BE68-814F9AE3FF06}.Debug|iPhone.ActiveCfg = Debug|Any CPU
		{4BFC5116-A29D-4883-BE68-814F9AE3FF06}.Debug|iPhone.Build.0 = Debug|Any CPU
		{4BFC5116-A29D-4883-BE68-814F9AE3FF06}.Debug|iPhoneSimulator.ActiveCfg = Debug|Any CPU
		{4BFC5116-A29D-4883-BE68-814F9AE3FF06}.Debug|iPhoneSimulator.Build.0 = Debug|Any CPU
		{4BFC5116-A29D-4883-BE68-814F9AE3FF06}.Release|Any CPU.ActiveCfg = Debug|Any CPU
		{4BFC5116-A29D-4883-BE68-814F9AE3FF06}.Release|Any CPU.Build.0 = Debug|Any CPU
		{4BFC5116-A29D-4883-BE68-814F9AE3FF06}.Release|iPhone.ActiveCfg = Debug|Any CPU
		{4BFC5116-A29D-4883-BE68-814F9AE3FF06}.Release|iPhone.Build.0 = Debug|Any CPU
		{4BFC5116-A29D-4883-BE68-814F9AE3FF06}.Release|iPhoneSimulator.ActiveCfg = Debug|Any CPU
		{4BFC5116-A29D-4883-BE68-814F9AE3FF06}.Release|iPhoneSimulator.Build.0 = Debug|Any CPU
	EndGlobalSection
	GlobalSection(SolutionProperties) = preSolution
		HideSolutionNode = FALSE
	EndGlobalSection
	GlobalSection(ExtensibilityGlobals) = postSolution
		SolutionGuid = {5FFC715F-EBFD-4532-BAAF-A3D89F93552A}
	EndGlobalSection
EndGlobal
