
Microsoft Visual Studio Solution File, Format Version 12.00
# Visual Studio 15
VisualStudioVersion = 15.0.28010.2016
MinimumVisualStudioVersion = 10.0.40219.1
Project("{FAE04EC0-301F-11D3-BF4B-00C04F79EFBC}") = "Form", "Form\Form.csproj", "{0FD2BDA5-4FD1-4904-AB83-CF919F3CD9CF}"
EndProject
Project("{E24C65DC-7377-472B-9ABA-BC803B73C61A}") = "Website", "Website\", "{4BFC5116-A29D-4883-BE68-814F9AE3FF06}"
	ProjectSection(WebsiteProperties) = preProject
		TargetFrameworkMoniker = ".NETFramework,Version%3Dv4.6.1"
		Debug.AspNetCompiler.VirtualPath = "/localhost_52342"
		Debug.AspNetCompiler.PhysicalPath = "Website\"
		Debug.AspNetCompiler.TargetPath = "PrecompiledWeb\localhost_52342\"
		Debug.AspNetCompiler.Updateable = "true"
		Debug.AspNetCompiler.ForceOverwrite = "true"
		Debug.AspNetCompiler.FixedNames = "false"
		Debug.AspNetCompiler.Debug = "True"
		Release.AspNetCompiler.VirtualPath = "/localhost_52342"
		Release.AspNetCompiler.PhysicalPath = "Website\"
		Release.AspNetCompiler.TargetPath = "PrecompiledWeb\localhost_52342\"
		Release.AspNetCompiler.Updateable = "true"
		Release.AspNetCompiler.ForceOverwrite = "true"
		Release.AspNetCompiler.FixedNames = "false"
		Release.AspNetCompiler.Debug = "False"
		VWDPort = "52342"
		SlnRelativePath = "Website\"
		DefaultWebSiteLanguage = "Visual C#"
	EndProjectSection
EndProject
Project("{FAE04EC0-301F-11D3-BF4B-00C04F79EFBC}") = "TakiApp.Android", "TakiApp\TakiApp.Android\TakiApp.Android.csproj", "{2940FB06-F9E2-4C3C-92B7-022DC3EEF400}"
EndProject
Project("{FAE04EC0-301F-11D3-BF4B-00C04F79EFBC}") = "TakiApp.iOS", "TakiApp\TakiApp.iOS\TakiApp.iOS.csproj", "{008B32AC-72DB-49B6-AC16-5055C9878135}"
EndProject
Project("{FAE04EC0-301F-11D3-BF4B-00C04F79EFBC}") = "TakiApp.UWP", "TakiApp\TakiApp.UWP\TakiApp.UWP.csproj", "{CE545837-BC00-4476-8580-714CC0663963}"
EndProject
Project("{9A19103F-16F7-4668-BE54-9A1E7A4F7556}") = "TakiApp", "TakiApp\TakiApp\TakiApp.csproj", "{9162FCEA-A087-44B6-9E91-64E988A02E9F}"
EndProject
Global
	GlobalSection(SolutionConfigurationPlatforms) = preSolution
		Ad-Hoc|Any CPU = Ad-Hoc|Any CPU
		Ad-Hoc|ARM = Ad-Hoc|ARM
		Ad-Hoc|iPhone = Ad-Hoc|iPhone
		Ad-Hoc|iPhoneSimulator = Ad-Hoc|iPhoneSimulator
		Ad-Hoc|x64 = Ad-Hoc|x64
		Ad-Hoc|x86 = Ad-Hoc|x86
		AppStore|Any CPU = AppStore|Any CPU
		AppStore|ARM = AppStore|ARM
		AppStore|iPhone = AppStore|iPhone
		AppStore|iPhoneSimulator = AppStore|iPhoneSimulator
		AppStore|x64 = AppStore|x64
		AppStore|x86 = AppStore|x86
		Debug|Any CPU = Debug|Any CPU
		Debug|ARM = Debug|ARM
		Debug|iPhone = Debug|iPhone
		Debug|iPhoneSimulator = Debug|iPhoneSimulator
		Debug|x64 = Debug|x64
		Debug|x86 = Debug|x86
		Release|Any CPU = Release|Any CPU
		Release|ARM = Release|ARM
		Release|iPhone = Release|iPhone
		Release|iPhoneSimulator = Release|iPhoneSimulator
		Release|x64 = Release|x64
		Release|x86 = Release|x86
	EndGlobalSection
	GlobalSection(ProjectConfigurationPlatforms) = postSolution
		{0FD2BDA5-4FD1-4904-AB83-CF919F3CD9CF}.Ad-Hoc|Any CPU.ActiveCfg = Release|Any CPU
		{0FD2BDA5-4FD1-4904-AB83-CF919F3CD9CF}.Ad-Hoc|Any CPU.Build.0 = Release|Any CPU
		{0FD2BDA5-4FD1-4904-AB83-CF919F3CD9CF}.Ad-Hoc|ARM.ActiveCfg = Debug|Any CPU
		{0FD2BDA5-4FD1-4904-AB83-CF919F3CD9CF}.Ad-Hoc|ARM.Build.0 = Debug|Any CPU
		{0FD2BDA5-4FD1-4904-AB83-CF919F3CD9CF}.Ad-Hoc|iPhone.ActiveCfg = Release|Any CPU
		{0FD2BDA5-4FD1-4904-AB83-CF919F3CD9CF}.Ad-Hoc|iPhone.Build.0 = Release|Any CPU
		{0FD2BDA5-4FD1-4904-AB83-CF919F3CD9CF}.Ad-Hoc|iPhoneSimulator.ActiveCfg = Release|Any CPU
		{0FD2BDA5-4FD1-4904-AB83-CF919F3CD9CF}.Ad-Hoc|iPhoneSimulator.Build.0 = Release|Any CPU
		{0FD2BDA5-4FD1-4904-AB83-CF919F3CD9CF}.Ad-Hoc|x64.ActiveCfg = Debug|Any CPU
		{0FD2BDA5-4FD1-4904-AB83-CF919F3CD9CF}.Ad-Hoc|x64.Build.0 = Debug|Any CPU
		{0FD2BDA5-4FD1-4904-AB83-CF919F3CD9CF}.Ad-Hoc|x86.ActiveCfg = Debug|Any CPU
		{0FD2BDA5-4FD1-4904-AB83-CF919F3CD9CF}.Ad-Hoc|x86.Build.0 = Debug|Any CPU
		{0FD2BDA5-4FD1-4904-AB83-CF919F3CD9CF}.AppStore|Any CPU.ActiveCfg = Release|Any CPU
		{0FD2BDA5-4FD1-4904-AB83-CF919F3CD9CF}.AppStore|Any CPU.Build.0 = Release|Any CPU
		{0FD2BDA5-4FD1-4904-AB83-CF919F3CD9CF}.AppStore|ARM.ActiveCfg = Debug|Any CPU
		{0FD2BDA5-4FD1-4904-AB83-CF919F3CD9CF}.AppStore|ARM.Build.0 = Debug|Any CPU
		{0FD2BDA5-4FD1-4904-AB83-CF919F3CD9CF}.AppStore|iPhone.ActiveCfg = Release|Any CPU
		{0FD2BDA5-4FD1-4904-AB83-CF919F3CD9CF}.AppStore|iPhone.Build.0 = Release|Any CPU
		{0FD2BDA5-4FD1-4904-AB83-CF919F3CD9CF}.AppStore|iPhoneSimulator.ActiveCfg = Release|Any CPU
		{0FD2BDA5-4FD1-4904-AB83-CF919F3CD9CF}.AppStore|iPhoneSimulator.Build.0 = Release|Any CPU
		{0FD2BDA5-4FD1-4904-AB83-CF919F3CD9CF}.AppStore|x64.ActiveCfg = Debug|Any CPU
		{0FD2BDA5-4FD1-4904-AB83-CF919F3CD9CF}.AppStore|x64.Build.0 = Debug|Any CPU
		{0FD2BDA5-4FD1-4904-AB83-CF919F3CD9CF}.AppStore|x86.ActiveCfg = Debug|Any CPU
		{0FD2BDA5-4FD1-4904-AB83-CF919F3CD9CF}.AppStore|x86.Build.0 = Debug|Any CPU
		{0FD2BDA5-4FD1-4904-AB83-CF919F3CD9CF}.Debug|Any CPU.ActiveCfg = Debug|Any CPU
		{0FD2BDA5-4FD1-4904-AB83-CF919F3CD9CF}.Debug|Any CPU.Build.0 = Debug|Any CPU
		{0FD2BDA5-4FD1-4904-AB83-CF919F3CD9CF}.Debug|ARM.ActiveCfg = Debug|Any CPU
		{0FD2BDA5-4FD1-4904-AB83-CF919F3CD9CF}.Debug|ARM.Build.0 = Debug|Any CPU
		{0FD2BDA5-4FD1-4904-AB83-CF919F3CD9CF}.Debug|iPhone.ActiveCfg = Debug|Any CPU
		{0FD2BDA5-4FD1-4904-AB83-CF919F3CD9CF}.Debug|iPhone.Build.0 = Debug|Any CPU
		{0FD2BDA5-4FD1-4904-AB83-CF919F3CD9CF}.Debug|iPhoneSimulator.ActiveCfg = Debug|Any CPU
		{0FD2BDA5-4FD1-4904-AB83-CF919F3CD9CF}.Debug|iPhoneSimulator.Build.0 = Debug|Any CPU
		{0FD2BDA5-4FD1-4904-AB83-CF919F3CD9CF}.Debug|x64.ActiveCfg = Debug|Any CPU
		{0FD2BDA5-4FD1-4904-AB83-CF919F3CD9CF}.Debug|x64.Build.0 = Debug|Any CPU
		{0FD2BDA5-4FD1-4904-AB83-CF919F3CD9CF}.Debug|x86.ActiveCfg = Debug|Any CPU
		{0FD2BDA5-4FD1-4904-AB83-CF919F3CD9CF}.Debug|x86.Build.0 = Debug|Any CPU
		{0FD2BDA5-4FD1-4904-AB83-CF919F3CD9CF}.Release|Any CPU.ActiveCfg = Release|Any CPU
		{0FD2BDA5-4FD1-4904-AB83-CF919F3CD9CF}.Release|Any CPU.Build.0 = Release|Any CPU
		{0FD2BDA5-4FD1-4904-AB83-CF919F3CD9CF}.Release|ARM.ActiveCfg = Release|Any CPU
		{0FD2BDA5-4FD1-4904-AB83-CF919F3CD9CF}.Release|ARM.Build.0 = Release|Any CPU
		{0FD2BDA5-4FD1-4904-AB83-CF919F3CD9CF}.Release|iPhone.ActiveCfg = Release|Any CPU
		{0FD2BDA5-4FD1-4904-AB83-CF919F3CD9CF}.Release|iPhone.Build.0 = Release|Any CPU
		{0FD2BDA5-4FD1-4904-AB83-CF919F3CD9CF}.Release|iPhoneSimulator.ActiveCfg = Release|Any CPU
		{0FD2BDA5-4FD1-4904-AB83-CF919F3CD9CF}.Release|iPhoneSimulator.Build.0 = Release|Any CPU
		{0FD2BDA5-4FD1-4904-AB83-CF919F3CD9CF}.Release|x64.ActiveCfg = Release|Any CPU
		{0FD2BDA5-4FD1-4904-AB83-CF919F3CD9CF}.Release|x64.Build.0 = Release|Any CPU
		{0FD2BDA5-4FD1-4904-AB83-CF919F3CD9CF}.Release|x86.ActiveCfg = Release|Any CPU
		{0FD2BDA5-4FD1-4904-AB83-CF919F3CD9CF}.Release|x86.Build.0 = Release|Any CPU
		{4BFC5116-A29D-4883-BE68-814F9AE3FF06}.Ad-Hoc|Any CPU.ActiveCfg = Debug|Any CPU
		{4BFC5116-A29D-4883-BE68-814F9AE3FF06}.Ad-Hoc|Any CPU.Build.0 = Debug|Any CPU
		{4BFC5116-A29D-4883-BE68-814F9AE3FF06}.Ad-Hoc|ARM.ActiveCfg = Debug|Any CPU
		{4BFC5116-A29D-4883-BE68-814F9AE3FF06}.Ad-Hoc|ARM.Build.0 = Debug|Any CPU
		{4BFC5116-A29D-4883-BE68-814F9AE3FF06}.Ad-Hoc|iPhone.ActiveCfg = Debug|Any CPU
		{4BFC5116-A29D-4883-BE68-814F9AE3FF06}.Ad-Hoc|iPhone.Build.0 = Debug|Any CPU
		{4BFC5116-A29D-4883-BE68-814F9AE3FF06}.Ad-Hoc|iPhoneSimulator.ActiveCfg = Debug|Any CPU
		{4BFC5116-A29D-4883-BE68-814F9AE3FF06}.Ad-Hoc|iPhoneSimulator.Build.0 = Debug|Any CPU
		{4BFC5116-A29D-4883-BE68-814F9AE3FF06}.Ad-Hoc|x64.ActiveCfg = Debug|Any CPU
		{4BFC5116-A29D-4883-BE68-814F9AE3FF06}.Ad-Hoc|x64.Build.0 = Debug|Any CPU
		{4BFC5116-A29D-4883-BE68-814F9AE3FF06}.Ad-Hoc|x86.ActiveCfg = Debug|Any CPU
		{4BFC5116-A29D-4883-BE68-814F9AE3FF06}.Ad-Hoc|x86.Build.0 = Debug|Any CPU
		{4BFC5116-A29D-4883-BE68-814F9AE3FF06}.AppStore|Any CPU.ActiveCfg = Debug|Any CPU
		{4BFC5116-A29D-4883-BE68-814F9AE3FF06}.AppStore|Any CPU.Build.0 = Debug|Any CPU
		{4BFC5116-A29D-4883-BE68-814F9AE3FF06}.AppStore|ARM.ActiveCfg = Debug|Any CPU
		{4BFC5116-A29D-4883-BE68-814F9AE3FF06}.AppStore|ARM.Build.0 = Debug|Any CPU
		{4BFC5116-A29D-4883-BE68-814F9AE3FF06}.AppStore|iPhone.ActiveCfg = Debug|Any CPU
		{4BFC5116-A29D-4883-BE68-814F9AE3FF06}.AppStore|iPhone.Build.0 = Debug|Any CPU
		{4BFC5116-A29D-4883-BE68-814F9AE3FF06}.AppStore|iPhoneSimulator.ActiveCfg = Debug|Any CPU
		{4BFC5116-A29D-4883-BE68-814F9AE3FF06}.AppStore|iPhoneSimulator.Build.0 = Debug|Any CPU
		{4BFC5116-A29D-4883-BE68-814F9AE3FF06}.AppStore|x64.ActiveCfg = Debug|Any CPU
		{4BFC5116-A29D-4883-BE68-814F9AE3FF06}.AppStore|x64.Build.0 = Debug|Any CPU
		{4BFC5116-A29D-4883-BE68-814F9AE3FF06}.AppStore|x86.ActiveCfg = Debug|Any CPU
		{4BFC5116-A29D-4883-BE68-814F9AE3FF06}.AppStore|x86.Build.0 = Debug|Any CPU
		{4BFC5116-A29D-4883-BE68-814F9AE3FF06}.Debug|Any CPU.ActiveCfg = Debug|Any CPU
		{4BFC5116-A29D-4883-BE68-814F9AE3FF06}.Debug|Any CPU.Build.0 = Debug|Any CPU
		{4BFC5116-A29D-4883-BE68-814F9AE3FF06}.Debug|ARM.ActiveCfg = Debug|Any CPU
		{4BFC5116-A29D-4883-BE68-814F9AE3FF06}.Debug|ARM.Build.0 = Debug|Any CPU
		{4BFC5116-A29D-4883-BE68-814F9AE3FF06}.Debug|iPhone.ActiveCfg = Debug|Any CPU
		{4BFC5116-A29D-4883-BE68-814F9AE3FF06}.Debug|iPhone.Build.0 = Debug|Any CPU
		{4BFC5116-A29D-4883-BE68-814F9AE3FF06}.Debug|iPhoneSimulator.ActiveCfg = Debug|Any CPU
		{4BFC5116-A29D-4883-BE68-814F9AE3FF06}.Debug|iPhoneSimulator.Build.0 = Debug|Any CPU
		{4BFC5116-A29D-4883-BE68-814F9AE3FF06}.Debug|x64.ActiveCfg = Debug|Any CPU
		{4BFC5116-A29D-4883-BE68-814F9AE3FF06}.Debug|x64.Build.0 = Debug|Any CPU
		{4BFC5116-A29D-4883-BE68-814F9AE3FF06}.Debug|x86.ActiveCfg = Debug|Any CPU
		{4BFC5116-A29D-4883-BE68-814F9AE3FF06}.Debug|x86.Build.0 = Debug|Any CPU
		{4BFC5116-A29D-4883-BE68-814F9AE3FF06}.Release|Any CPU.ActiveCfg = Debug|Any CPU
		{4BFC5116-A29D-4883-BE68-814F9AE3FF06}.Release|Any CPU.Build.0 = Debug|Any CPU
		{4BFC5116-A29D-4883-BE68-814F9AE3FF06}.Release|ARM.ActiveCfg = Debug|Any CPU
		{4BFC5116-A29D-4883-BE68-814F9AE3FF06}.Release|ARM.Build.0 = Debug|Any CPU
		{4BFC5116-A29D-4883-BE68-814F9AE3FF06}.Release|iPhone.ActiveCfg = Debug|Any CPU
		{4BFC5116-A29D-4883-BE68-814F9AE3FF06}.Release|iPhone.Build.0 = Debug|Any CPU
		{4BFC5116-A29D-4883-BE68-814F9AE3FF06}.Release|iPhoneSimulator.ActiveCfg = Debug|Any CPU
		{4BFC5116-A29D-4883-BE68-814F9AE3FF06}.Release|iPhoneSimulator.Build.0 = Debug|Any CPU
		{4BFC5116-A29D-4883-BE68-814F9AE3FF06}.Release|x64.ActiveCfg = Debug|Any CPU
		{4BFC5116-A29D-4883-BE68-814F9AE3FF06}.Release|x64.Build.0 = Debug|Any CPU
		{4BFC5116-A29D-4883-BE68-814F9AE3FF06}.Release|x86.ActiveCfg = Debug|Any CPU
		{4BFC5116-A29D-4883-BE68-814F9AE3FF06}.Release|x86.Build.0 = Debug|Any CPU
		{2940FB06-F9E2-4C3C-92B7-022DC3EEF400}.Ad-Hoc|Any CPU.ActiveCfg = Release|Any CPU
		{2940FB06-F9E2-4C3C-92B7-022DC3EEF400}.Ad-Hoc|Any CPU.Build.0 = Release|Any CPU
		{2940FB06-F9E2-4C3C-92B7-022DC3EEF400}.Ad-Hoc|Any CPU.Deploy.0 = Release|Any CPU
		{2940FB06-F9E2-4C3C-92B7-022DC3EEF400}.Ad-Hoc|ARM.ActiveCfg = Release|Any CPU
		{2940FB06-F9E2-4C3C-92B7-022DC3EEF400}.Ad-Hoc|ARM.Build.0 = Release|Any CPU
		{2940FB06-F9E2-4C3C-92B7-022DC3EEF400}.Ad-Hoc|ARM.Deploy.0 = Release|Any CPU
		{2940FB06-F9E2-4C3C-92B7-022DC3EEF400}.Ad-Hoc|iPhone.ActiveCfg = Release|Any CPU
		{2940FB06-F9E2-4C3C-92B7-022DC3EEF400}.Ad-Hoc|iPhone.Build.0 = Release|Any CPU
		{2940FB06-F9E2-4C3C-92B7-022DC3EEF400}.Ad-Hoc|iPhone.Deploy.0 = Release|Any CPU
		{2940FB06-F9E2-4C3C-92B7-022DC3EEF400}.Ad-Hoc|iPhoneSimulator.ActiveCfg = Release|Any CPU
		{2940FB06-F9E2-4C3C-92B7-022DC3EEF400}.Ad-Hoc|iPhoneSimulator.Build.0 = Release|Any CPU
		{2940FB06-F9E2-4C3C-92B7-022DC3EEF400}.Ad-Hoc|iPhoneSimulator.Deploy.0 = Release|Any CPU
		{2940FB06-F9E2-4C3C-92B7-022DC3EEF400}.Ad-Hoc|x64.ActiveCfg = Release|Any CPU
		{2940FB06-F9E2-4C3C-92B7-022DC3EEF400}.Ad-Hoc|x64.Build.0 = Release|Any CPU
		{2940FB06-F9E2-4C3C-92B7-022DC3EEF400}.Ad-Hoc|x64.Deploy.0 = Release|Any CPU
		{2940FB06-F9E2-4C3C-92B7-022DC3EEF400}.Ad-Hoc|x86.ActiveCfg = Release|Any CPU
		{2940FB06-F9E2-4C3C-92B7-022DC3EEF400}.Ad-Hoc|x86.Build.0 = Release|Any CPU
		{2940FB06-F9E2-4C3C-92B7-022DC3EEF400}.Ad-Hoc|x86.Deploy.0 = Release|Any CPU
		{2940FB06-F9E2-4C3C-92B7-022DC3EEF400}.AppStore|Any CPU.ActiveCfg = Release|Any CPU
		{2940FB06-F9E2-4C3C-92B7-022DC3EEF400}.AppStore|Any CPU.Build.0 = Release|Any CPU
		{2940FB06-F9E2-4C3C-92B7-022DC3EEF400}.AppStore|Any CPU.Deploy.0 = Release|Any CPU
		{2940FB06-F9E2-4C3C-92B7-022DC3EEF400}.AppStore|ARM.ActiveCfg = Release|Any CPU
		{2940FB06-F9E2-4C3C-92B7-022DC3EEF400}.AppStore|ARM.Build.0 = Release|Any CPU
		{2940FB06-F9E2-4C3C-92B7-022DC3EEF400}.AppStore|ARM.Deploy.0 = Release|Any CPU
		{2940FB06-F9E2-4C3C-92B7-022DC3EEF400}.AppStore|iPhone.ActiveCfg = Release|Any CPU
		{2940FB06-F9E2-4C3C-92B7-022DC3EEF400}.AppStore|iPhone.Build.0 = Release|Any CPU
		{2940FB06-F9E2-4C3C-92B7-022DC3EEF400}.AppStore|iPhone.Deploy.0 = Release|Any CPU
		{2940FB06-F9E2-4C3C-92B7-022DC3EEF400}.AppStore|iPhoneSimulator.ActiveCfg = Release|Any CPU
		{2940FB06-F9E2-4C3C-92B7-022DC3EEF400}.AppStore|iPhoneSimulator.Build.0 = Release|Any CPU
		{2940FB06-F9E2-4C3C-92B7-022DC3EEF400}.AppStore|iPhoneSimulator.Deploy.0 = Release|Any CPU
		{2940FB06-F9E2-4C3C-92B7-022DC3EEF400}.AppStore|x64.ActiveCfg = Release|Any CPU
		{2940FB06-F9E2-4C3C-92B7-022DC3EEF400}.AppStore|x64.Build.0 = Release|Any CPU
		{2940FB06-F9E2-4C3C-92B7-022DC3EEF400}.AppStore|x64.Deploy.0 = Release|Any CPU
		{2940FB06-F9E2-4C3C-92B7-022DC3EEF400}.AppStore|x86.ActiveCfg = Release|Any CPU
		{2940FB06-F9E2-4C3C-92B7-022DC3EEF400}.AppStore|x86.Build.0 = Release|Any CPU
		{2940FB06-F9E2-4C3C-92B7-022DC3EEF400}.AppStore|x86.Deploy.0 = Release|Any CPU
		{2940FB06-F9E2-4C3C-92B7-022DC3EEF400}.Debug|Any CPU.ActiveCfg = Debug|Any CPU
		{2940FB06-F9E2-4C3C-92B7-022DC3EEF400}.Debug|Any CPU.Build.0 = Debug|Any CPU
		{2940FB06-F9E2-4C3C-92B7-022DC3EEF400}.Debug|Any CPU.Deploy.0 = Debug|Any CPU
		{2940FB06-F9E2-4C3C-92B7-022DC3EEF400}.Debug|ARM.ActiveCfg = Debug|Any CPU
		{2940FB06-F9E2-4C3C-92B7-022DC3EEF400}.Debug|ARM.Build.0 = Debug|Any CPU
		{2940FB06-F9E2-4C3C-92B7-022DC3EEF400}.Debug|ARM.Deploy.0 = Debug|Any CPU
		{2940FB06-F9E2-4C3C-92B7-022DC3EEF400}.Debug|iPhone.ActiveCfg = Debug|Any CPU
		{2940FB06-F9E2-4C3C-92B7-022DC3EEF400}.Debug|iPhone.Build.0 = Debug|Any CPU
		{2940FB06-F9E2-4C3C-92B7-022DC3EEF400}.Debug|iPhone.Deploy.0 = Debug|Any CPU
		{2940FB06-F9E2-4C3C-92B7-022DC3EEF400}.Debug|iPhoneSimulator.ActiveCfg = Debug|Any CPU
		{2940FB06-F9E2-4C3C-92B7-022DC3EEF400}.Debug|iPhoneSimulator.Build.0 = Debug|Any CPU
		{2940FB06-F9E2-4C3C-92B7-022DC3EEF400}.Debug|iPhoneSimulator.Deploy.0 = Debug|Any CPU
		{2940FB06-F9E2-4C3C-92B7-022DC3EEF400}.Debug|x64.ActiveCfg = Debug|Any CPU
		{2940FB06-F9E2-4C3C-92B7-022DC3EEF400}.Debug|x64.Build.0 = Debug|Any CPU
		{2940FB06-F9E2-4C3C-92B7-022DC3EEF400}.Debug|x64.Deploy.0 = Debug|Any CPU
		{2940FB06-F9E2-4C3C-92B7-022DC3EEF400}.Debug|x86.ActiveCfg = Debug|Any CPU
		{2940FB06-F9E2-4C3C-92B7-022DC3EEF400}.Debug|x86.Build.0 = Debug|Any CPU
		{2940FB06-F9E2-4C3C-92B7-022DC3EEF400}.Debug|x86.Deploy.0 = Debug|Any CPU
		{2940FB06-F9E2-4C3C-92B7-022DC3EEF400}.Release|Any CPU.ActiveCfg = Release|Any CPU
		{2940FB06-F9E2-4C3C-92B7-022DC3EEF400}.Release|Any CPU.Build.0 = Release|Any CPU
		{2940FB06-F9E2-4C3C-92B7-022DC3EEF400}.Release|Any CPU.Deploy.0 = Release|Any CPU
		{2940FB06-F9E2-4C3C-92B7-022DC3EEF400}.Release|ARM.ActiveCfg = Release|Any CPU
		{2940FB06-F9E2-4C3C-92B7-022DC3EEF400}.Release|ARM.Build.0 = Release|Any CPU
		{2940FB06-F9E2-4C3C-92B7-022DC3EEF400}.Release|ARM.Deploy.0 = Release|Any CPU
		{2940FB06-F9E2-4C3C-92B7-022DC3EEF400}.Release|iPhone.ActiveCfg = Release|Any CPU
		{2940FB06-F9E2-4C3C-92B7-022DC3EEF400}.Release|iPhone.Build.0 = Release|Any CPU
		{2940FB06-F9E2-4C3C-92B7-022DC3EEF400}.Release|iPhone.Deploy.0 = Release|Any CPU
		{2940FB06-F9E2-4C3C-92B7-022DC3EEF400}.Release|iPhoneSimulator.ActiveCfg = Release|Any CPU
		{2940FB06-F9E2-4C3C-92B7-022DC3EEF400}.Release|iPhoneSimulator.Build.0 = Release|Any CPU
		{2940FB06-F9E2-4C3C-92B7-022DC3EEF400}.Release|iPhoneSimulator.Deploy.0 = Release|Any CPU
		{2940FB06-F9E2-4C3C-92B7-022DC3EEF400}.Release|x64.ActiveCfg = Release|Any CPU
		{2940FB06-F9E2-4C3C-92B7-022DC3EEF400}.Release|x64.Build.0 = Release|Any CPU
		{2940FB06-F9E2-4C3C-92B7-022DC3EEF400}.Release|x64.Deploy.0 = Release|Any CPU
		{2940FB06-F9E2-4C3C-92B7-022DC3EEF400}.Release|x86.ActiveCfg = Release|Any CPU
		{2940FB06-F9E2-4C3C-92B7-022DC3EEF400}.Release|x86.Build.0 = Release|Any CPU
		{2940FB06-F9E2-4C3C-92B7-022DC3EEF400}.Release|x86.Deploy.0 = Release|Any CPU
		{008B32AC-72DB-49B6-AC16-5055C9878135}.Ad-Hoc|Any CPU.ActiveCfg = Ad-Hoc|iPhone
		{008B32AC-72DB-49B6-AC16-5055C9878135}.Ad-Hoc|ARM.ActiveCfg = Ad-Hoc|iPhone
		{008B32AC-72DB-49B6-AC16-5055C9878135}.Ad-Hoc|iPhone.ActiveCfg = Ad-Hoc|iPhone
		{008B32AC-72DB-49B6-AC16-5055C9878135}.Ad-Hoc|iPhone.Build.0 = Ad-Hoc|iPhone
		{008B32AC-72DB-49B6-AC16-5055C9878135}.Ad-Hoc|iPhoneSimulator.ActiveCfg = Ad-Hoc|iPhoneSimulator
		{008B32AC-72DB-49B6-AC16-5055C9878135}.Ad-Hoc|iPhoneSimulator.Build.0 = Ad-Hoc|iPhoneSimulator
		{008B32AC-72DB-49B6-AC16-5055C9878135}.Ad-Hoc|x64.ActiveCfg = Ad-Hoc|iPhone
		{008B32AC-72DB-49B6-AC16-5055C9878135}.Ad-Hoc|x86.ActiveCfg = Ad-Hoc|iPhone
		{008B32AC-72DB-49B6-AC16-5055C9878135}.AppStore|Any CPU.ActiveCfg = AppStore|iPhone
		{008B32AC-72DB-49B6-AC16-5055C9878135}.AppStore|ARM.ActiveCfg = AppStore|iPhone
		{008B32AC-72DB-49B6-AC16-5055C9878135}.AppStore|iPhone.ActiveCfg = AppStore|iPhone
		{008B32AC-72DB-49B6-AC16-5055C9878135}.AppStore|iPhone.Build.0 = AppStore|iPhone
		{008B32AC-72DB-49B6-AC16-5055C9878135}.AppStore|iPhoneSimulator.ActiveCfg = AppStore|iPhoneSimulator
		{008B32AC-72DB-49B6-AC16-5055C9878135}.AppStore|iPhoneSimulator.Build.0 = AppStore|iPhoneSimulator
		{008B32AC-72DB-49B6-AC16-5055C9878135}.AppStore|x64.ActiveCfg = AppStore|iPhone
		{008B32AC-72DB-49B6-AC16-5055C9878135}.AppStore|x86.ActiveCfg = AppStore|iPhone
		{008B32AC-72DB-49B6-AC16-5055C9878135}.Debug|Any CPU.ActiveCfg = Debug|iPhone
		{008B32AC-72DB-49B6-AC16-5055C9878135}.Debug|ARM.ActiveCfg = Debug|iPhone
		{008B32AC-72DB-49B6-AC16-5055C9878135}.Debug|iPhone.ActiveCfg = Debug|iPhone
		{008B32AC-72DB-49B6-AC16-5055C9878135}.Debug|iPhone.Build.0 = Debug|iPhone
		{008B32AC-72DB-49B6-AC16-5055C9878135}.Debug|iPhoneSimulator.ActiveCfg = Debug|iPhoneSimulator
		{008B32AC-72DB-49B6-AC16-5055C9878135}.Debug|iPhoneSimulator.Build.0 = Debug|iPhoneSimulator
		{008B32AC-72DB-49B6-AC16-5055C9878135}.Debug|x64.ActiveCfg = Debug|iPhone
		{008B32AC-72DB-49B6-AC16-5055C9878135}.Debug|x86.ActiveCfg = Debug|iPhone
		{008B32AC-72DB-49B6-AC16-5055C9878135}.Release|Any CPU.ActiveCfg = Release|iPhone
		{008B32AC-72DB-49B6-AC16-5055C9878135}.Release|ARM.ActiveCfg = Release|iPhone
		{008B32AC-72DB-49B6-AC16-5055C9878135}.Release|iPhone.ActiveCfg = Release|iPhone
		{008B32AC-72DB-49B6-AC16-5055C9878135}.Release|iPhone.Build.0 = Release|iPhone
		{008B32AC-72DB-49B6-AC16-5055C9878135}.Release|iPhoneSimulator.ActiveCfg = Release|iPhoneSimulator
		{008B32AC-72DB-49B6-AC16-5055C9878135}.Release|iPhoneSimulator.Build.0 = Release|iPhoneSimulator
		{008B32AC-72DB-49B6-AC16-5055C9878135}.Release|x64.ActiveCfg = Release|iPhone
		{008B32AC-72DB-49B6-AC16-5055C9878135}.Release|x86.ActiveCfg = Release|iPhone
		{CE545837-BC00-4476-8580-714CC0663963}.Ad-Hoc|Any CPU.ActiveCfg = Release|x86
		{CE545837-BC00-4476-8580-714CC0663963}.Ad-Hoc|Any CPU.Build.0 = Release|x86
		{CE545837-BC00-4476-8580-714CC0663963}.Ad-Hoc|Any CPU.Deploy.0 = Release|x86
		{CE545837-BC00-4476-8580-714CC0663963}.Ad-Hoc|ARM.ActiveCfg = Release|ARM
		{CE545837-BC00-4476-8580-714CC0663963}.Ad-Hoc|ARM.Build.0 = Release|ARM
		{CE545837-BC00-4476-8580-714CC0663963}.Ad-Hoc|ARM.Deploy.0 = Release|ARM
		{CE545837-BC00-4476-8580-714CC0663963}.Ad-Hoc|iPhone.ActiveCfg = Release|x86
		{CE545837-BC00-4476-8580-714CC0663963}.Ad-Hoc|iPhone.Build.0 = Release|x86
		{CE545837-BC00-4476-8580-714CC0663963}.Ad-Hoc|iPhone.Deploy.0 = Release|x86
		{CE545837-BC00-4476-8580-714CC0663963}.Ad-Hoc|iPhoneSimulator.ActiveCfg = Release|x86
		{CE545837-BC00-4476-8580-714CC0663963}.Ad-Hoc|iPhoneSimulator.Build.0 = Release|x86
		{CE545837-BC00-4476-8580-714CC0663963}.Ad-Hoc|iPhoneSimulator.Deploy.0 = Release|x86
		{CE545837-BC00-4476-8580-714CC0663963}.Ad-Hoc|x64.ActiveCfg = Release|x64
		{CE545837-BC00-4476-8580-714CC0663963}.Ad-Hoc|x64.Build.0 = Release|x64
		{CE545837-BC00-4476-8580-714CC0663963}.Ad-Hoc|x64.Deploy.0 = Release|x64
		{CE545837-BC00-4476-8580-714CC0663963}.Ad-Hoc|x86.ActiveCfg = Release|x86
		{CE545837-BC00-4476-8580-714CC0663963}.Ad-Hoc|x86.Build.0 = Release|x86
		{CE545837-BC00-4476-8580-714CC0663963}.Ad-Hoc|x86.Deploy.0 = Release|x86
		{CE545837-BC00-4476-8580-714CC0663963}.AppStore|Any CPU.ActiveCfg = Release|x86
		{CE545837-BC00-4476-8580-714CC0663963}.AppStore|Any CPU.Build.0 = Release|x86
		{CE545837-BC00-4476-8580-714CC0663963}.AppStore|Any CPU.Deploy.0 = Release|x86
		{CE545837-BC00-4476-8580-714CC0663963}.AppStore|ARM.ActiveCfg = Release|ARM
		{CE545837-BC00-4476-8580-714CC0663963}.AppStore|ARM.Build.0 = Release|ARM
		{CE545837-BC00-4476-8580-714CC0663963}.AppStore|ARM.Deploy.0 = Release|ARM
		{CE545837-BC00-4476-8580-714CC0663963}.AppStore|iPhone.ActiveCfg = Release|x86
		{CE545837-BC00-4476-8580-714CC0663963}.AppStore|iPhone.Build.0 = Release|x86
		{CE545837-BC00-4476-8580-714CC0663963}.AppStore|iPhone.Deploy.0 = Release|x86
		{CE545837-BC00-4476-8580-714CC0663963}.AppStore|iPhoneSimulator.ActiveCfg = Release|x86
		{CE545837-BC00-4476-8580-714CC0663963}.AppStore|iPhoneSimulator.Build.0 = Release|x86
		{CE545837-BC00-4476-8580-714CC0663963}.AppStore|iPhoneSimulator.Deploy.0 = Release|x86
		{CE545837-BC00-4476-8580-714CC0663963}.AppStore|x64.ActiveCfg = Release|x64
		{CE545837-BC00-4476-8580-714CC0663963}.AppStore|x64.Build.0 = Release|x64
		{CE545837-BC00-4476-8580-714CC0663963}.AppStore|x64.Deploy.0 = Release|x64
		{CE545837-BC00-4476-8580-714CC0663963}.AppStore|x86.ActiveCfg = Release|x86
		{CE545837-BC00-4476-8580-714CC0663963}.AppStore|x86.Build.0 = Release|x86
		{CE545837-BC00-4476-8580-714CC0663963}.AppStore|x86.Deploy.0 = Release|x86
		{CE545837-BC00-4476-8580-714CC0663963}.Debug|Any CPU.ActiveCfg = Debug|x86
		{CE545837-BC00-4476-8580-714CC0663963}.Debug|ARM.ActiveCfg = Debug|ARM
		{CE545837-BC00-4476-8580-714CC0663963}.Debug|ARM.Build.0 = Debug|ARM
		{CE545837-BC00-4476-8580-714CC0663963}.Debug|ARM.Deploy.0 = Debug|ARM
		{CE545837-BC00-4476-8580-714CC0663963}.Debug|iPhone.ActiveCfg = Debug|x86
		{CE545837-BC00-4476-8580-714CC0663963}.Debug|iPhoneSimulator.ActiveCfg = Debug|x86
		{CE545837-BC00-4476-8580-714CC0663963}.Debug|x64.ActiveCfg = Debug|x64
		{CE545837-BC00-4476-8580-714CC0663963}.Debug|x64.Build.0 = Debug|x64
		{CE545837-BC00-4476-8580-714CC0663963}.Debug|x64.Deploy.0 = Debug|x64
		{CE545837-BC00-4476-8580-714CC0663963}.Debug|x86.ActiveCfg = Debug|x86
		{CE545837-BC00-4476-8580-714CC0663963}.Debug|x86.Build.0 = Debug|x86
		{CE545837-BC00-4476-8580-714CC0663963}.Debug|x86.Deploy.0 = Debug|x86
		{CE545837-BC00-4476-8580-714CC0663963}.Release|Any CPU.ActiveCfg = Release|x86
		{CE545837-BC00-4476-8580-714CC0663963}.Release|ARM.ActiveCfg = Release|ARM
		{CE545837-BC00-4476-8580-714CC0663963}.Release|ARM.Build.0 = Release|ARM
		{CE545837-BC00-4476-8580-714CC0663963}.Release|ARM.Deploy.0 = Release|ARM
		{CE545837-BC00-4476-8580-714CC0663963}.Release|iPhone.ActiveCfg = Release|x86
		{CE545837-BC00-4476-8580-714CC0663963}.Release|iPhoneSimulator.ActiveCfg = Release|x86
		{CE545837-BC00-4476-8580-714CC0663963}.Release|x64.ActiveCfg = Release|x64
		{CE545837-BC00-4476-8580-714CC0663963}.Release|x64.Build.0 = Release|x64
		{CE545837-BC00-4476-8580-714CC0663963}.Release|x64.Deploy.0 = Release|x64
		{CE545837-BC00-4476-8580-714CC0663963}.Release|x86.ActiveCfg = Release|x86
		{CE545837-BC00-4476-8580-714CC0663963}.Release|x86.Build.0 = Release|x86
		{CE545837-BC00-4476-8580-714CC0663963}.Release|x86.Deploy.0 = Release|x86
		{9162FCEA-A087-44B6-9E91-64E988A02E9F}.Ad-Hoc|Any CPU.ActiveCfg = Debug|Any CPU
		{9162FCEA-A087-44B6-9E91-64E988A02E9F}.Ad-Hoc|Any CPU.Build.0 = Debug|Any CPU
		{9162FCEA-A087-44B6-9E91-64E988A02E9F}.Ad-Hoc|ARM.ActiveCfg = Debug|Any CPU
		{9162FCEA-A087-44B6-9E91-64E988A02E9F}.Ad-Hoc|ARM.Build.0 = Debug|Any CPU
		{9162FCEA-A087-44B6-9E91-64E988A02E9F}.Ad-Hoc|iPhone.ActiveCfg = Debug|Any CPU
		{9162FCEA-A087-44B6-9E91-64E988A02E9F}.Ad-Hoc|iPhone.Build.0 = Debug|Any CPU
		{9162FCEA-A087-44B6-9E91-64E988A02E9F}.Ad-Hoc|iPhoneSimulator.ActiveCfg = Debug|Any CPU
		{9162FCEA-A087-44B6-9E91-64E988A02E9F}.Ad-Hoc|iPhoneSimulator.Build.0 = Debug|Any CPU
		{9162FCEA-A087-44B6-9E91-64E988A02E9F}.Ad-Hoc|x64.ActiveCfg = Debug|Any CPU
		{9162FCEA-A087-44B6-9E91-64E988A02E9F}.Ad-Hoc|x64.Build.0 = Debug|Any CPU
		{9162FCEA-A087-44B6-9E91-64E988A02E9F}.Ad-Hoc|x86.ActiveCfg = Debug|Any CPU
		{9162FCEA-A087-44B6-9E91-64E988A02E9F}.Ad-Hoc|x86.Build.0 = Debug|Any CPU
		{9162FCEA-A087-44B6-9E91-64E988A02E9F}.AppStore|Any CPU.ActiveCfg = Debug|Any CPU
		{9162FCEA-A087-44B6-9E91-64E988A02E9F}.AppStore|Any CPU.Build.0 = Debug|Any CPU
		{9162FCEA-A087-44B6-9E91-64E988A02E9F}.AppStore|ARM.ActiveCfg = Debug|Any CPU
		{9162FCEA-A087-44B6-9E91-64E988A02E9F}.AppStore|ARM.Build.0 = Debug|Any CPU
		{9162FCEA-A087-44B6-9E91-64E988A02E9F}.AppStore|iPhone.ActiveCfg = Debug|Any CPU
		{9162FCEA-A087-44B6-9E91-64E988A02E9F}.AppStore|iPhone.Build.0 = Debug|Any CPU
		{9162FCEA-A087-44B6-9E91-64E988A02E9F}.AppStore|iPhoneSimulator.ActiveCfg = Debug|Any CPU
		{9162FCEA-A087-44B6-9E91-64E988A02E9F}.AppStore|iPhoneSimulator.Build.0 = Debug|Any CPU
		{9162FCEA-A087-44B6-9E91-64E988A02E9F}.AppStore|x64.ActiveCfg = Debug|Any CPU
		{9162FCEA-A087-44B6-9E91-64E988A02E9F}.AppStore|x64.Build.0 = Debug|Any CPU
		{9162FCEA-A087-44B6-9E91-64E988A02E9F}.AppStore|x86.ActiveCfg = Debug|Any CPU
		{9162FCEA-A087-44B6-9E91-64E988A02E9F}.AppStore|x86.Build.0 = Debug|Any CPU
		{9162FCEA-A087-44B6-9E91-64E988A02E9F}.Debug|Any CPU.ActiveCfg = Debug|Any CPU
		{9162FCEA-A087-44B6-9E91-64E988A02E9F}.Debug|Any CPU.Build.0 = Debug|Any CPU
		{9162FCEA-A087-44B6-9E91-64E988A02E9F}.Debug|ARM.ActiveCfg = Debug|Any CPU
		{9162FCEA-A087-44B6-9E91-64E988A02E9F}.Debug|ARM.Build.0 = Debug|Any CPU
		{9162FCEA-A087-44B6-9E91-64E988A02E9F}.Debug|iPhone.ActiveCfg = Debug|Any CPU
		{9162FCEA-A087-44B6-9E91-64E988A02E9F}.Debug|iPhone.Build.0 = Debug|Any CPU
		{9162FCEA-A087-44B6-9E91-64E988A02E9F}.Debug|iPhoneSimulator.ActiveCfg = Debug|Any CPU
		{9162FCEA-A087-44B6-9E91-64E988A02E9F}.Debug|iPhoneSimulator.Build.0 = Debug|Any CPU
		{9162FCEA-A087-44B6-9E91-64E988A02E9F}.Debug|x64.ActiveCfg = Debug|Any CPU
		{9162FCEA-A087-44B6-9E91-64E988A02E9F}.Debug|x64.Build.0 = Debug|Any CPU
		{9162FCEA-A087-44B6-9E91-64E988A02E9F}.Debug|x86.ActiveCfg = Debug|Any CPU
		{9162FCEA-A087-44B6-9E91-64E988A02E9F}.Debug|x86.Build.0 = Debug|Any CPU
		{9162FCEA-A087-44B6-9E91-64E988A02E9F}.Release|Any CPU.ActiveCfg = Release|Any CPU
		{9162FCEA-A087-44B6-9E91-64E988A02E9F}.Release|Any CPU.Build.0 = Release|Any CPU
		{9162FCEA-A087-44B6-9E91-64E988A02E9F}.Release|ARM.ActiveCfg = Release|Any CPU
		{9162FCEA-A087-44B6-9E91-64E988A02E9F}.Release|ARM.Build.0 = Release|Any CPU
		{9162FCEA-A087-44B6-9E91-64E988A02E9F}.Release|iPhone.ActiveCfg = Release|Any CPU
		{9162FCEA-A087-44B6-9E91-64E988A02E9F}.Release|iPhone.Build.0 = Release|Any CPU
		{9162FCEA-A087-44B6-9E91-64E988A02E9F}.Release|iPhoneSimulator.ActiveCfg = Release|Any CPU
		{9162FCEA-A087-44B6-9E91-64E988A02E9F}.Release|iPhoneSimulator.Build.0 = Release|Any CPU
		{9162FCEA-A087-44B6-9E91-64E988A02E9F}.Release|x64.ActiveCfg = Release|Any CPU
		{9162FCEA-A087-44B6-9E91-64E988A02E9F}.Release|x64.Build.0 = Release|Any CPU
		{9162FCEA-A087-44B6-9E91-64E988A02E9F}.Release|x86.ActiveCfg = Release|Any CPU
		{9162FCEA-A087-44B6-9E91-64E988A02E9F}.Release|x86.Build.0 = Release|Any CPU
	EndGlobalSection
	GlobalSection(SolutionProperties) = preSolution
		HideSolutionNode = FALSE
	EndGlobalSection
	GlobalSection(ExtensibilityGlobals) = postSolution
		SolutionGuid = {5FFC715F-EBFD-4532-BAAF-A3D89F93552A}
	EndGlobalSection
EndGlobal
